Microsoft Visual Studio Solution File, Format Version 11.00
# Visual Studio 2008

Project("{0CB9EAC6-8104-6A14-C21E-2F1B57591DF0}") = "UI modification everywhere!!", "Assembly-CSharp-vs.csproj", "{706293D0-BA9B-5855-2CCB-363727F489B0}"
EndProject
Project("{0CB9EAC6-8104-6A14-C21E-2F1B57591DF0}") = "UI modification everywhere!!", "Assembly-CSharp-Editor-vs.csproj", "{4A3B15FC-03D6-61C7-3F52-2C0779AB524D}"
EndProject
Global
	GlobalSection(SolutionConfigurationPlatforms) = preSolution
		Debug|Any CPU = Debug|Any CPU
		Release|Any CPU = Release|Any CPU
	EndGlobalSection
	GlobalSection(ProjectConfigurationPlatforms) = postSolution
		{706293D0-BA9B-5855-2CCB-363727F489B0}.Debug|Any CPU.ActiveCfg = Debug|Any CPU
		{706293D0-BA9B-5855-2CCB-363727F489B0}.Debug|Any CPU.Build.0 = Debug|Any CPU
		{706293D0-BA9B-5855-2CCB-363727F489B0}.Release|Any CPU.ActiveCfg = Release|Any CPU
		{706293D0-BA9B-5855-2CCB-363727F489B0}.Release|Any CPU.Build.0 = Release|Any CPU
		{4A3B15FC-03D6-61C7-3F52-2C0779AB524D}.Debug|Any CPU.ActiveCfg = Debug|Any CPU
		{4A3B15FC-03D6-61C7-3F52-2C0779AB524D}.Debug|Any CPU.Build.0 = Debug|Any CPU
		{4A3B15FC-03D6-61C7-3F52-2C0779AB524D}.Release|Any CPU.ActiveCfg = Release|Any CPU
		{4A3B15FC-03D6-61C7-3F52-2C0779AB524D}.Release|Any CPU.Build.0 = Release|Any CPU
	EndGlobalSection
	GlobalSection(SolutionProperties) = preSolution
		HideSolutionNode = FALSE
	EndGlobalSection
						GlobalSection(MonoDevelopProperties) = preSolution
		StartupItem = Assembly-CSharp.csproj
		Policies = $0
		$0.TextStylePolicy = $1
		$1.inheritsSet = null
		$1.scope = text/x-csharp
		$0.CSharpFormattingPolicy = $2
		$2.inheritsSet = Mono
		$2.inheritsScope = text/x-csharp
		$2.scope = text/x-csharp
		$0.TextStylePolicy = $3
		$3.FileWidth = 120
		$3.TabWidth = 4
		$3.IndentWidth = 4
		$3.EolMarker = Unix
		$3.inheritsSet = Mono
		$3.inheritsScope = text/plain
		$3.scope = text/plain
	EndGlobalSection

EndGlobal
