Microsoft Visual Studio Solution File, Format Version 11.00
# Visual Studio 2008

Project("{922AF560-9AE6-BB05-FEE7-FF1FAB0E8972}") = "UI Score tracking", "Assembly-CSharp-vs.csproj", "{AB383DFC-35AF-FC5D-2843-5A9FF9C0AD8C}"
EndProject
Project("{922AF560-9AE6-BB05-FEE7-FF1FAB0E8972}") = "UI Score tracking", "Assembly-CSharp-Editor-vs.csproj", "{4B20F2DD-956C-1757-59AF-75A22BF1F446}"
EndProject
Global
	GlobalSection(SolutionConfigurationPlatforms) = preSolution
		Debug|Any CPU = Debug|Any CPU
		Release|Any CPU = Release|Any CPU
	EndGlobalSection
	GlobalSection(ProjectConfigurationPlatforms) = postSolution
		{AB383DFC-35AF-FC5D-2843-5A9FF9C0AD8C}.Debug|Any CPU.ActiveCfg = Debug|Any CPU
		{AB383DFC-35AF-FC5D-2843-5A9FF9C0AD8C}.Debug|Any CPU.Build.0 = Debug|Any CPU
		{AB383DFC-35AF-FC5D-2843-5A9FF9C0AD8C}.Release|Any CPU.ActiveCfg = Release|Any CPU
		{AB383DFC-35AF-FC5D-2843-5A9FF9C0AD8C}.Release|Any CPU.Build.0 = Release|Any CPU
		{4B20F2DD-956C-1757-59AF-75A22BF1F446}.Debug|Any CPU.ActiveCfg = Debug|Any CPU
		{4B20F2DD-956C-1757-59AF-75A22BF1F446}.Debug|Any CPU.Build.0 = Debug|Any CPU
		{4B20F2DD-956C-1757-59AF-75A22BF1F446}.Release|Any CPU.ActiveCfg = Release|Any CPU
		{4B20F2DD-956C-1757-59AF-75A22BF1F446}.Release|Any CPU.Build.0 = Release|Any CPU
	EndGlobalSection
	GlobalSection(SolutionProperties) = preSolution
		HideSolutionNode = FALSE
	EndGlobalSection
		GlobalSection(MonoDevelopProperties) = preSolution
		StartupItem = Assembly-CSharp.csproj
		Policies = $0
		$0.TextStylePolicy = $1
		$1.inheritsSet = null
		$1.scope = text/x-csharp
		$0.CSharpFormattingPolicy = $2
		$2.inheritsSet = Mono
		$2.inheritsScope = text/x-csharp
		$2.scope = text/x-csharp
		$0.TextStylePolicy = $3
		$3.FileWidth = 120
		$3.TabWidth = 4
		$3.IndentWidth = 4
		$3.EolMarker = Unix
		$3.inheritsSet = Mono
		$3.inheritsScope = text/plain
		$3.scope = text/plain
	EndGlobalSection

EndGlobal
